{
    "name": "three",
    "version": "0.0.1",
    "lockfileVersion": 2,
    "requires": true,
    "packages": {
        "": {
            "version": "0.0.1",
            "license": "ISC",
            "devDependencies": {
                "@rollup/plugin-typescript": "^2.1.0",
                "rollup": "^1.29.0",
                "tslib": "^1.10.0",
                "typescript": "^3.7.4"
            }
        },
        "node_modules/@rollup/plugin-typescript": {
            "version": "2.1.0",
            "resolved": "https://registry.npmjs.org/@rollup/plugin-typescript/-/plugin-typescript-2.1.0.tgz",
            "integrity": "sha512-7lXKGY06aofrceVez/YnN2axttFdHSqlUBpCJ6ebzDfxwLDKMgSV5lD4ykBcdgE7aK3egxuLkD/HKyRB5L8Log==",
            "dev": true,
            "dependencies": {
                "@rollup/pluginutils": "^3.0.0",
                "resolve": "^1.13.1"
            },
            "engines": {
                "node": ">=8.0.0"
            }
        },
        "node_modules/@rollup/pluginutils": {
            "version": "3.0.3",
            "resolved": "https://registry.npmjs.org/@rollup/pluginutils/-/pluginutils-3.0.3.tgz",
            "integrity": "sha512-lxys3KlfYU8LOGu7+UL2upa3kM9q8ISo4EK+vSqqJCLk6N74HsUZbUFiElolh4BUsv0jeMGtYDzpNrtrShE6Gg==",
            "dev": true,
            "dependencies": {
                "estree-walker": "^0.6.1"
            },
            "engines": {
                "node": ">= 8.0.0"
            }
        },
        "node_modules/@types/estree": {
            "version": "0.0.42",
            "resolved": "https://registry.npmjs.org/@types/estree/-/estree-0.0.42.tgz",
            "integrity": "sha512-K1DPVvnBCPxzD+G51/cxVIoc2X8uUVl1zpJeE6iKcgHMj4+tbat5Xu4TjV7v2QSDbIeAfLi2hIk+u2+s0MlpUQ==",
            "dev": true
        },
        "node_modules/@types/node": {
            "version": "13.1.6",
            "resolved": "https://registry.npmjs.org/@types/node/-/node-13.1.6.tgz",
            "integrity": "sha512-Jg1F+bmxcpENHP23sVKkNuU3uaxPnsBMW0cLjleiikFKomJQbsn0Cqk2yDvQArqzZN6ABfBkZ0To7pQ8sLdWDg==",
            "dev": true
        },
        "node_modules/acorn": {
            "version": "7.4.1",
            "resolved": "https://registry.npmjs.org/acorn/-/acorn-7.4.1.tgz",
            "integrity": "sha512-nQyp0o1/mNdbTO1PO6kHkwSrmgZ0MT/jCCpNiwbUjGoRN4dlBhqJtoQuCnEOKzgTVwg0ZWiCoQy6SxMebQVh8A==",
            "dev": true,
            "bin": {
                "acorn": "bin/acorn"
            },
            "engines": {
                "node": ">=0.4.0"
            }
        },
        "node_modules/estree-walker": {
            "version": "0.6.1",
            "resolved": "https://registry.npmjs.org/estree-walker/-/estree-walker-0.6.1.tgz",
            "integrity": "sha512-SqmZANLWS0mnatqbSfRP5g8OXZC12Fgg1IwNtLsyHDzJizORW4khDfjPqJZsemPWBB2uqykUah5YpQ6epsqC/w==",
            "dev": true
        },
        "node_modules/path-parse": {
            "version": "1.0.7",
            "resolved": "https://registry.npmjs.org/path-parse/-/path-parse-1.0.7.tgz",
            "integrity": "sha512-LDJzPVEEEPR+y48z93A0Ed0yXb8pAByGWo/k5YYdYgpY2/2EsOsksJrq7lOHxryrVOn1ejG6oAp8ahvOIQD8sw==",
            "dev": true
        },
        "node_modules/resolve": {
            "version": "1.14.2",
            "resolved": "https://registry.npmjs.org/resolve/-/resolve-1.14.2.tgz",
            "integrity": "sha512-EjlOBLBO1kxsUxsKjLt7TAECyKW6fOh1VRkykQkKGzcBbjjPIxBqGh0jf7GJ3k/f5mxMqW3htMD3WdTUVtW8HQ==",
            "dev": true,
            "dependencies": {
                "path-parse": "^1.0.6"
            }
        },
        "node_modules/rollup": {
            "version": "1.29.0",
            "resolved": "https://registry.npmjs.org/rollup/-/rollup-1.29.0.tgz",
            "integrity": "sha512-V63Iz0dSdI5qPPN5HmCN6OBRzBFhMqNWcvwgq863JtSCTU6Vdvqq6S2fYle/dSCyoPrBkIP3EIr1RVs3HTRqqg==",
            "dev": true,
            "dependencies": {
                "@types/estree": "*",
                "@types/node": "*",
                "acorn": "^7.1.0"
            },
            "bin": {
                "rollup": "dist/bin/rollup"
            }
        },
        "node_modules/tslib": {
            "version": "1.10.0",
            "resolved": "https://registry.npmjs.org/tslib/-/tslib-1.10.0.tgz",
            "integrity": "sha512-qOebF53frne81cf0S9B41ByenJ3/IuH8yJKngAX35CmiZySA0khhkovshKK+jGCaMnVomla7gVlIcc3EvKPbTQ==",
            "dev": true
        },
        "node_modules/typescript": {
            "version": "3.7.4",
            "resolved": "https://registry.npmjs.org/typescript/-/typescript-3.7.4.tgz",
            "integrity": "sha512-A25xv5XCtarLwXpcDNZzCGvW2D1S3/bACratYBx2sax8PefsFhlYmkQicKHvpYflFS8if4zne5zT5kpJ7pzuvw==",
            "dev": true,
            "bin": {
                "tsc": "bin/tsc",
                "tsserver": "bin/tsserver"
            },
            "engines": {
                "node": ">=4.2.0"
            }
        }
    },
    "dependencies": {
        "@rollup/plugin-typescript": {
            "version": "2.1.0",
            "resolved": "https://registry.npmjs.org/@rollup/plugin-typescript/-/plugin-typescript-2.1.0.tgz",
            "integrity": "sha512-7lXKGY06aofrceVez/YnN2axttFdHSqlUBpCJ6ebzDfxwLDKMgSV5lD4ykBcdgE7aK3egxuLkD/HKyRB5L8Log==",
            "dev": true,
            "requires": {
                "@rollup/pluginutils": "^3.0.0",
                "resolve": "^1.13.1"
            }
        },
        "@rollup/pluginutils": {
            "version": "3.0.3",
            "resolved": "https://registry.npmjs.org/@rollup/pluginutils/-/pluginutils-3.0.3.tgz",
            "integrity": "sha512-lxys3KlfYU8LOGu7+UL2upa3kM9q8ISo4EK+vSqqJCLk6N74HsUZbUFiElolh4BUsv0jeMGtYDzpNrtrShE6Gg==",
            "dev": true,
            "requires": {
                "estree-walker": "^0.6.1"
            }
        },
        "@types/estree": {
            "version": "0.0.42",
            "resolved": "https://registry.npmjs.org/@types/estree/-/estree-0.0.42.tgz",
            "integrity": "sha512-K1DPVvnBCPxzD+G51/cxVIoc2X8uUVl1zpJeE6iKcgHMj4+tbat5Xu4TjV7v2QSDbIeAfLi2hIk+u2+s0MlpUQ==",
            "dev": true
        },
        "@types/node": {
            "version": "13.1.6",
            "resolved": "https://registry.npmjs.org/@types/node/-/node-13.1.6.tgz",
            "integrity": "sha512-Jg1F+bmxcpENHP23sVKkNuU3uaxPnsBMW0cLjleiikFKomJQbsn0Cqk2yDvQArqzZN6ABfBkZ0To7pQ8sLdWDg==",
            "dev": true
        },
        "acorn": {
            "version": "7.4.1",
            "resolved": "https://registry.npmjs.org/acorn/-/acorn-7.4.1.tgz",
            "integrity": "sha512-nQyp0o1/mNdbTO1PO6kHkwSrmgZ0MT/jCCpNiwbUjGoRN4dlBhqJtoQuCnEOKzgTVwg0ZWiCoQy6SxMebQVh8A==",
            "dev": true
        },
        "estree-walker": {
            "version": "0.6.1",
            "resolved": "https://registry.npmjs.org/estree-walker/-/estree-walker-0.6.1.tgz",
            "integrity": "sha512-SqmZANLWS0mnatqbSfRP5g8OXZC12Fgg1IwNtLsyHDzJizORW4khDfjPqJZsemPWBB2uqykUah5YpQ6epsqC/w==",
            "dev": true
        },
        "path-parse": {
            "version": "1.0.7",
            "resolved": "https://registry.npmjs.org/path-parse/-/path-parse-1.0.7.tgz",
            "integrity": "sha512-LDJzPVEEEPR+y48z93A0Ed0yXb8pAByGWo/k5YYdYgpY2/2EsOsksJrq7lOHxryrVOn1ejG6oAp8ahvOIQD8sw==",
            "dev": true
        },
        "resolve": {
            "version": "1.14.2",
            "resolved": "https://registry.npmjs.org/resolve/-/resolve-1.14.2.tgz",
            "integrity": "sha512-EjlOBLBO1kxsUxsKjLt7TAECyKW6fOh1VRkykQkKGzcBbjjPIxBqGh0jf7GJ3k/f5mxMqW3htMD3WdTUVtW8HQ==",
            "dev": true,
            "requires": {
                "path-parse": "^1.0.6"
            }
        },
        "rollup": {
            "version": "1.29.0",
            "resolved": "https://registry.npmjs.org/rollup/-/rollup-1.29.0.tgz",
            "integrity": "sha512-V63Iz0dSdI5qPPN5HmCN6OBRzBFhMqNWcvwgq863JtSCTU6Vdvqq6S2fYle/dSCyoPrBkIP3EIr1RVs3HTRqqg==",
            "dev": true,
            "requires": {
                "@types/estree": "*",
                "@types/node": "*",
                "acorn": "^7.1.0"
            }
        },
        "tslib": {
            "version": "1.10.0",
            "resolved": "https://registry.npmjs.org/tslib/-/tslib-1.10.0.tgz",
            "integrity": "sha512-qOebF53frne81cf0S9B41ByenJ3/IuH8yJKngAX35CmiZySA0khhkovshKK+jGCaMnVomla7gVlIcc3EvKPbTQ==",
            "dev": true
        },
        "typescript": {
            "version": "3.7.4",
            "resolved": "https://registry.npmjs.org/typescript/-/typescript-3.7.4.tgz",
            "integrity": "sha512-A25xv5XCtarLwXpcDNZzCGvW2D1S3/bACratYBx2sax8PefsFhlYmkQicKHvpYflFS8if4zne5zT5kpJ7pzuvw==",
            "dev": true
        }
    }
}
